
Microsoft Visual Studio Solution File, Format Version 12.00
# Visual Studio Version 16
VisualStudioVersion = 16.0.30611.23
MinimumVisualStudioVersion = 10.0.40219.1
Project("{9A19103F-16F7-4668-BE54-9A1E7A4F7556}") = "TurtleChallenge.ConsoleApp", "TurtleChallenge.ConsoleApp\TurtleChallenge.ConsoleApp.csproj", "{81B8ECDD-3E3C-4B1B-AEF4-68466D8A5EA9}"
EndProject
Project("{9A19103F-16F7-4668-BE54-9A1E7A4F7556}") = "TurtleChallenge.Core", "TurtleChallenge.Core\TurtleChallenge.Core.csproj", "{4FCC50F5-8D6E-4009-B1C0-934AEFE7D6C9}"
EndProject
Project("{FAE04EC0-301F-11D3-BF4B-00C04F79EFBC}") = "TurtleChallenge.Core.UnitTests", "TurtleChallenge.Core.UnitTests\TurtleChallenge.Core.UnitTests.csproj", "{68030229-8925-4BF9-89CC-7DE4A485E87E}"
EndProject
Global
	GlobalSection(SolutionConfigurationPlatforms) = preSolution
		Debug|Any CPU = Debug|Any CPU
		Release|Any CPU = Release|Any CPU
	EndGlobalSection
	GlobalSection(ProjectConfigurationPlatforms) = postSolution
		{81B8ECDD-3E3C-4B1B-AEF4-68466D8A5EA9}.Debug|Any CPU.ActiveCfg = Debug|Any CPU
		{81B8ECDD-3E3C-4B1B-AEF4-68466D8A5EA9}.Debug|Any CPU.Build.0 = Debug|Any CPU
		{81B8ECDD-3E3C-4B1B-AEF4-68466D8A5EA9}.Release|Any CPU.ActiveCfg = Release|Any CPU
		{81B8ECDD-3E3C-4B1B-AEF4-68466D8A5EA9}.Release|Any CPU.Build.0 = Release|Any CPU
		{4FCC50F5-8D6E-4009-B1C0-934AEFE7D6C9}.Debug|Any CPU.ActiveCfg = Debug|Any CPU
		{4FCC50F5-8D6E-4009-B1C0-934AEFE7D6C9}.Debug|Any CPU.Build.0 = Debug|Any CPU
		{4FCC50F5-8D6E-4009-B1C0-934AEFE7D6C9}.Release|Any CPU.ActiveCfg = Release|Any CPU
		{4FCC50F5-8D6E-4009-B1C0-934AEFE7D6C9}.Release|Any CPU.Build.0 = Release|Any CPU
		{68030229-8925-4BF9-89CC-7DE4A485E87E}.Debug|Any CPU.ActiveCfg = Debug|Any CPU
		{68030229-8925-4BF9-89CC-7DE4A485E87E}.Debug|Any CPU.Build.0 = Debug|Any CPU
		{68030229-8925-4BF9-89CC-7DE4A485E87E}.Release|Any CPU.ActiveCfg = Release|Any CPU
		{68030229-8925-4BF9-89CC-7DE4A485E87E}.Release|Any CPU.Build.0 = Release|Any CPU
	EndGlobalSection
	GlobalSection(SolutionProperties) = preSolution
		HideSolutionNode = FALSE
	EndGlobalSection
	GlobalSection(ExtensibilityGlobals) = postSolution
		SolutionGuid = {467C9457-56B9-495A-956B-9D18DA6D3F0E}
	EndGlobalSection
EndGlobal
